{
  "requires": true,
  "lockfileVersion": 1,
  "dependencies": {
    "@fortawesome/fontawesome-free": {
      "version": "5.7.0",
      "resolved": "https://registry.npmjs.org/@fortawesome/fontawesome-free/-/fontawesome-free-5.7.0.tgz",
      "integrity": "sha512-jLikKhTPgYTY/IFIBwkPSh2JME5xK0b9DqXmTdlG/SUbMW0siHIJ+GLPTebL8qHO5R6xOth0uPHBL5/oZ7BeEQ=="
    },
    "angular": {
      "version": "1.7.7",
      "resolved": "https://registry.npmjs.org/angular/-/angular-1.7.7.tgz",
      "integrity": "sha512-MH3JEGd8y/EkNCKJ8EV6Ch0j9X0rZTta/QVIDpBWaIdfh85/e5KO8+ZKgvWIb02MQuiS20pDFmMFlv4ZaLcLWg=="
    },
    "angular-modal-service": {
      "version": "0.15.1",
      "resolved": "https://registry.npmjs.org/angular-modal-service/-/angular-modal-service-0.15.1.tgz",
      "integrity": "sha512-d3ANricbWln5th4IalbtP0SKTnGFvbIM0NhrDXW1FHdmYYwQwrWPtbXJfAsMMxalp9y/u0XmgC4b+l5mYQ3Miw=="
    },
    "bootstrap": {
      "version": "4.2.1",
      "resolved": "https://registry.npmjs.org/bootstrap/-/bootstrap-4.2.1.tgz",
      "integrity": "sha512-tt/7vIv3Gm2mnd/WeDx36nfGGHleil0Wg8IeB7eMrVkY0fZ5iTaBisSh8oNANc2IBsCc6vCgCNTIM/IEN0+50Q=="
    },
    "jquery": {
      "version": "3.3.1",
      "resolved": "https://registry.npmjs.org/jquery/-/jquery-3.3.1.tgz",
      "integrity": "sha512-Ubldcmxp5np52/ENotGxlLe6aGMvmF4R8S6tZjsP6Knsaxd/xp3Zrh50cG93lR6nPXyUFwzN3ZSOQI0wRJNdGg=="
    }
  }
}
